
Microsoft Visual Studio Solution File, Format Version 12.00
# Visual Studio Version 16
VisualStudioVersion = 16.0.31410.357
MinimumVisualStudioVersion = 10.0.40219.1
Project("{FAE04EC0-301F-11D3-BF4B-00C04F79EFBC}") = "CodeProdigee.API", "CodeProdigee.API\CodeProdigee.API.csproj", "{F9A39928-DE65-41C4-B917-C6845BB2544A}"
EndProject
Global
	GlobalSection(SolutionConfigurationPlatforms) = preSolution
		Debug|Any CPU = Debug|Any CPU
		Release|Any CPU = Release|Any CPU
	EndGlobalSection
	GlobalSection(ProjectConfigurationPlatforms) = postSolution
		{F9A39928-DE65-41C4-B917-C6845BB2544A}.Debug|Any CPU.ActiveCfg = Debug|Any CPU
		{F9A39928-DE65-41C4-B917-C6845BB2544A}.Debug|Any CPU.Build.0 = Debug|Any CPU
		{F9A39928-DE65-41C4-B917-C6845BB2544A}.Release|Any CPU.ActiveCfg = Release|Any CPU
		{F9A39928-DE65-41C4-B917-C6845BB2544A}.Release|Any CPU.Build.0 = Release|Any CPU
	EndGlobalSection
	GlobalSection(SolutionProperties) = preSolution
		HideSolutionNode = FALSE
	EndGlobalSection
	GlobalSection(ExtensibilityGlobals) = postSolution
		SolutionGuid = {4A1327E6-20FC-495C-B9BA-4B4CA539BCE8}
	EndGlobalSection
EndGlobal
